
Microsoft Visual Studio Solution File, Format Version 12.00
# Visual Studio Version 17
VisualStudioVersion = 17.0.31912.275
MinimumVisualStudioVersion = 10.0.40219.1
Project("{FAE04EC0-301F-11D3-BF4B-00C04F79EFBC}") = "SmoothCamPlus", "SmoothCamPlus\SmoothCamPlus.csproj", "{7AD18320-63C2-45C8-AB1C-87948BA72CBD}"
EndProject
Global
	GlobalSection(SolutionConfigurationPlatforms) = preSolution
		Debug|Any CPU = Debug|Any CPU
		Release|Any CPU = Release|Any CPU
	EndGlobalSection
	GlobalSection(ProjectConfigurationPlatforms) = postSolution
		{7AD18320-63C2-45C8-AB1C-87948BA72CBD}.Debug|Any CPU.ActiveCfg = Debug|Any CPU
		{7AD18320-63C2-45C8-AB1C-87948BA72CBD}.Debug|Any CPU.Build.0 = Debug|Any CPU
		{7AD18320-63C2-45C8-AB1C-87948BA72CBD}.Release|Any CPU.ActiveCfg = Release|Any CPU
		{7AD18320-63C2-45C8-AB1C-87948BA72CBD}.Release|Any CPU.Build.0 = Release|Any CPU
	EndGlobalSection
	GlobalSection(SolutionProperties) = preSolution
		HideSolutionNode = FALSE
	EndGlobalSection
	GlobalSection(ExtensibilityGlobals) = postSolution
		SolutionGuid = {346ED674-5CAA-4E04-92D9-01E14B78F1D9}
	EndGlobalSection
EndGlobal
